// !$*UTF8*$!
{
	archiveVersion = 1;
	classes = {
	};
	objectVersion = 56;
	objects = {

/* Begin PBXBuildFile section */
		887995EC2A4E3C880030A6F0 /* JP_Apex_PredatorsApp.swift in Sources */ = {isa = PBXBuildFile; fileRef = 887995EB2A4E3C880030A6F0 /* JP_Apex_PredatorsApp.swift */; };
		887995EE2A4E3C880030A6F0 /* ContentView.swift in Sources */ = {isa = PBXBuildFile; fileRef = 887995ED2A4E3C880030A6F0 /* ContentView.swift */; };
		887995F02A4E3C8A0030A6F0 /* Assets.xcassets in Resources */ = {isa = PBXBuildFile; fileRef = 887995EF2A4E3C8A0030A6F0 /* Assets.xcassets */; };
		887995F32A4E3C8A0030A6F0 /* Preview Assets.xcassets in Resources */ = {isa = PBXBuildFile; fileRef = 887995F22A4E3C8A0030A6F0 /* Preview Assets.xcassets */; };
		887995FD2A4E3C8A0030A6F0 /* JP_Apex_PredatorsTests.swift in Sources */ = {isa = PBXBuildFile; fileRef = 887995FC2A4E3C8A0030A6F0 /* JP_Apex_PredatorsTests.swift */; };
		887996072A4E3C8A0030A6F0 /* JP_Apex_PredatorsUITests.swift in Sources */ = {isa = PBXBuildFile; fileRef = 887996062A4E3C8A0030A6F0 /* JP_Apex_PredatorsUITests.swift */; };
		887996092A4E3C8A0030A6F0 /* JP_Apex_PredatorsUITestsLaunchTests.swift in Sources */ = {isa = PBXBuildFile; fileRef = 887996082A4E3C8A0030A6F0 /* JP_Apex_PredatorsUITestsLaunchTests.swift */; };
		887996162A4E3D040030A6F0 /* jpapexpredators.json in Resources */ = {isa = PBXBuildFile; fileRef = 887996152A4E3D040030A6F0 /* jpapexpredators.json */; };
		887996182A4E3E1B0030A6F0 /* ApexPredator.swift in Sources */ = {isa = PBXBuildFile; fileRef = 887996172A4E3E1B0030A6F0 /* ApexPredator.swift */; };
/* End PBXBuildFile section */

/* Begin PBXContainerItemProxy section */
		887995F92A4E3C8A0030A6F0 /* PBXContainerItemProxy */ = {
			isa = PBXContainerItemProxy;
			containerPortal = 887995E02A4E3C880030A6F0 /* Project object */;
			proxyType = 1;
			remoteGlobalIDString = 887995E72A4E3C880030A6F0;
			remoteInfo = "JP Apex Predators";
		};
		887996032A4E3C8A0030A6F0 /* PBXContainerItemProxy */ = {
			isa = PBXContainerItemProxy;
			containerPortal = 887995E02A4E3C880030A6F0 /* Project object */;
			proxyType = 1;
			remoteGlobalIDString = 887995E72A4E3C880030A6F0;
			remoteInfo = "JP Apex Predators";
		};
/* End PBXContainerItemProxy section */

/* Begin PBXFileReference section */
		887995E82A4E3C880030A6F0 /* JP Apex Predators.app */ = {isa = PBXFileReference; explicitFileType = wrapper.application; includeInIndex = 0; path = "JP Apex Predators.app"; sourceTree = BUILT_PRODUCTS_DIR; };
		887995EB2A4E3C880030A6F0 /* JP_Apex_PredatorsApp.swift */ = {isa = PBXFileReference; lastKnownFileType = sourcecode.swift; path = JP_Apex_PredatorsApp.swift; sourceTree = "<group>"; };
		887995ED2A4E3C880030A6F0 /* ContentView.swift */ = {isa = PBXFileReference; lastKnownFileType = sourcecode.swift; path = ContentView.swift; sourceTree = "<group>"; };
		887995EF2A4E3C8A0030A6F0 /* Assets.xcassets */ = {isa = PBXFileReference; lastKnownFileType = folder.assetcatalog; path = Assets.xcassets; sourceTree = "<group>"; };
		887995F22A4E3C8A0030A6F0 /* Preview Assets.xcassets */ = {isa = PBXFileReference; lastKnownFileType = folder.assetcatalog; path = "Preview Assets.xcassets"; sourceTree = "<group>"; };
		887995F82A4E3C8A0030A6F0 /* JP Apex PredatorsTests.xctest */ = {isa = PBXFileReference; explicitFileType = wrapper.cfbundle; includeInIndex = 0; path = "JP Apex PredatorsTests.xctest"; sourceTree = BUILT_PRODUCTS_DIR; };
		887995FC2A4E3C8A0030A6F0 /* JP_Apex_PredatorsTests.swift */ = {isa = PBXFileReference; lastKnownFileType = sourcecode.swift; path = JP_Apex_PredatorsTests.swift; sourceTree = "<group>"; };
		887996022A4E3C8A0030A6F0 /* JP Apex PredatorsUITests.xctest */ = {isa = PBXFileReference; explicitFileType = wrapper.cfbundle; includeInIndex = 0; path = "JP Apex PredatorsUITests.xctest"; sourceTree = BUILT_PRODUCTS_DIR; };
		887996062A4E3C8A0030A6F0 /* JP_Apex_PredatorsUITests.swift */ = {isa = PBXFileReference; lastKnownFileType = sourcecode.swift; path = JP_Apex_PredatorsUITests.swift; sourceTree = "<group>"; };
		887996082A4E3C8A0030A6F0 /* JP_Apex_PredatorsUITestsLaunchTests.swift */ = {isa = PBXFileReference; lastKnownFileType = sourcecode.swift; path = JP_Apex_PredatorsUITestsLaunchTests.swift; sourceTree = "<group>"; };
		887996152A4E3D040030A6F0 /* jpapexpredators.json */ = {isa = PBXFileReference; fileEncoding = 4; lastKnownFileType = text.json; path = jpapexpredators.json; sourceTree = "<group>"; };
		887996172A4E3E1B0030A6F0 /* ApexPredator.swift */ = {isa = PBXFileReference; lastKnownFileType = sourcecode.swift; path = ApexPredator.swift; sourceTree = "<group>"; };
/* End PBXFileReference section */

/* Begin PBXFrameworksBuildPhase section */
		887995E52A4E3C880030A6F0 /* Frameworks */ = {
			isa = PBXFrameworksBuildPhase;
			buildActionMask = 2147483647;
			files = (
			);
			runOnlyForDeploymentPostprocessing = 0;
		};
		887995F52A4E3C8A0030A6F0 /* Frameworks */ = {
			isa = PBXFrameworksBuildPhase;
			buildActionMask = 2147483647;
			files = (
			);
			runOnlyForDeploymentPostprocessing = 0;
		};
		887995FF2A4E3C8A0030A6F0 /* Frameworks */ = {
			isa = PBXFrameworksBuildPhase;
			buildActionMask = 2147483647;
			files = (
			);
			runOnlyForDeploymentPostprocessing = 0;
		};
/* End PBXFrameworksBuildPhase section */

/* Begin PBXGroup section */
		887995DF2A4E3C880030A6F0 = {
			isa = PBXGroup;
			children = (
				887995EA2A4E3C880030A6F0 /* JP Apex Predators */,
				887995FB2A4E3C8A0030A6F0 /* JP Apex PredatorsTests */,
				887996052A4E3C8A0030A6F0 /* JP Apex PredatorsUITests */,
				887995E92A4E3C880030A6F0 /* Products */,
			);
			sourceTree = "<group>";
		};
		887995E92A4E3C880030A6F0 /* Products */ = {
			isa = PBXGroup;
			children = (
				887995E82A4E3C880030A6F0 /* JP Apex Predators.app */,
				887995F82A4E3C8A0030A6F0 /* JP Apex PredatorsTests.xctest */,
				887996022A4E3C8A0030A6F0 /* JP Apex PredatorsUITests.xctest */,
			);
			name = Products;
			sourceTree = "<group>";
		};
		887995EA2A4E3C880030A6F0 /* JP Apex Predators */ = {
			isa = PBXGroup;
			children = (
				887995EB2A4E3C880030A6F0 /* JP_Apex_PredatorsApp.swift */,
				887996172A4E3E1B0030A6F0 /* ApexPredator.swift */,
				887995ED2A4E3C880030A6F0 /* ContentView.swift */,
				887996152A4E3D040030A6F0 /* jpapexpredators.json */,
				887995EF2A4E3C8A0030A6F0 /* Assets.xcassets */,
				887995F12A4E3C8A0030A6F0 /* Preview Content */,
			);
			path = "JP Apex Predators";
			sourceTree = "<group>";
		};
		887995F12A4E3C8A0030A6F0 /* Preview Content */ = {
			isa = PBXGroup;
			children = (
				887995F22A4E3C8A0030A6F0 /* Preview Assets.xcassets */,
			);
			path = "Preview Content";
			sourceTree = "<group>";
		};
		887995FB2A4E3C8A0030A6F0 /* JP Apex PredatorsTests */ = {
			isa = PBXGroup;
			children = (
				887995FC2A4E3C8A0030A6F0 /* JP_Apex_PredatorsTests.swift */,
			);
			path = "JP Apex PredatorsTests";
			sourceTree = "<group>";
		};
		887996052A4E3C8A0030A6F0 /* JP Apex PredatorsUITests */ = {
			isa = PBXGroup;
			children = (
				887996062A4E3C8A0030A6F0 /* JP_Apex_PredatorsUITests.swift */,
				887996082A4E3C8A0030A6F0 /* JP_Apex_PredatorsUITestsLaunchTests.swift */,
			);
			path = "JP Apex PredatorsUITests";
			sourceTree = "<group>";
		};
/* End PBXGroup section */

/* Begin PBXNativeTarget section */
		887995E72A4E3C880030A6F0 /* JP Apex Predators */ = {
			isa = PBXNativeTarget;
			buildConfigurationList = 8879960C2A4E3C8A0030A6F0 /* Build configuration list for PBXNativeTarget "JP Apex Predators" */;
			buildPhases = (
				887995E42A4E3C880030A6F0 /* Sources */,
				887995E52A4E3C880030A6F0 /* Frameworks */,
				887995E62A4E3C880030A6F0 /* Resources */,
			);
			buildRules = (
			);
			dependencies = (
			);
			name = "JP Apex Predators";
			productName = "JP Apex Predators";
			productReference = 887995E82A4E3C880030A6F0 /* JP Apex Predators.app */;
			productType = "com.apple.product-type.application";
		};
		887995F72A4E3C8A0030A6F0 /* JP Apex PredatorsTests */ = {
			isa = PBXNativeTarget;
			buildConfigurationList = 8879960F2A4E3C8A0030A6F0 /* Build configuration list for PBXNativeTarget "JP Apex PredatorsTests" */;
			buildPhases = (
				887995F42A4E3C8A0030A6F0 /* Sources */,
				887995F52A4E3C8A0030A6F0 /* Frameworks */,
				887995F62A4E3C8A0030A6F0 /* Resources */,
			);
			buildRules = (
			);
			dependencies = (
				887995FA2A4E3C8A0030A6F0 /* PBXTargetDependency */,
			);
			name = "JP Apex PredatorsTests";
			productName = "JP Apex PredatorsTests";
			productReference = 887995F82A4E3C8A0030A6F0 /* JP Apex PredatorsTests.xctest */;
			productType = "com.apple.product-type.bundle.unit-test";
		};
		887996012A4E3C8A0030A6F0 /* JP Apex PredatorsUITests */ = {
			isa = PBXNativeTarget;
			buildConfigurationList = 887996122A4E3C8A0030A6F0 /* Build configuration list for PBXNativeTarget "JP Apex PredatorsUITests" */;
			buildPhases = (
				887995FE2A4E3C8A0030A6F0 /* Sources */,
				887995FF2A4E3C8A0030A6F0 /* Frameworks */,
				887996002A4E3C8A0030A6F0 /* Resources */,
			);
			buildRules = (
			);
			dependencies = (
				887996042A4E3C8A0030A6F0 /* PBXTargetDependency */,
			);
			name = "JP Apex PredatorsUITests";
			productName = "JP Apex PredatorsUITests";
			productReference = 887996022A4E3C8A0030A6F0 /* JP Apex PredatorsUITests.xctest */;
			productType = "com.apple.product-type.bundle.ui-testing";
		};
/* End PBXNativeTarget section */

/* Begin PBXProject section */
		887995E02A4E3C880030A6F0 /* Project object */ = {
			isa = PBXProject;
			attributes = {
				BuildIndependentTargetsInParallel = 1;
				LastSwiftUpdateCheck = 1430;
				LastUpgradeCheck = 1430;
				TargetAttributes = {
					887995E72A4E3C880030A6F0 = {
						CreatedOnToolsVersion = 14.3.1;
					};
					887995F72A4E3C8A0030A6F0 = {
						CreatedOnToolsVersion = 14.3.1;
						TestTargetID = 887995E72A4E3C880030A6F0;
					};
					887996012A4E3C8A0030A6F0 = {
						CreatedOnToolsVersion = 14.3.1;
						TestTargetID = 887995E72A4E3C880030A6F0;
					};
				};
			};
			buildConfigurationList = 887995E32A4E3C880030A6F0 /* Build configuration list for PBXProject "JP Apex Predators" */;
			compatibilityVersion = "Xcode 14.0";
			developmentRegion = en;
			hasScannedForEncodings = 0;
			knownRegions = (
				en,
				Base,
			);
			mainGroup = 887995DF2A4E3C880030A6F0;
			productRefGroup = 887995E92A4E3C880030A6F0 /* Products */;
			projectDirPath = "";
			projectRoot = "";
			targets = (
				887995E72A4E3C880030A6F0 /* JP Apex Predators */,
				887995F72A4E3C8A0030A6F0 /* JP Apex PredatorsTests */,
				887996012A4E3C8A0030A6F0 /* JP Apex PredatorsUITests */,
			);
		};
/* End PBXProject section */

/* Begin PBXResourcesBuildPhase section */
		887995E62A4E3C880030A6F0 /* Resources */ = {
			isa = PBXResourcesBuildPhase;
			buildActionMask = 2147483647;
			files = (
				887995F32A4E3C8A0030A6F0 /* Preview Assets.xcassets in Resources */,
				887995F02A4E3C8A0030A6F0 /* Assets.xcassets in Resources */,
				887996162A4E3D040030A6F0 /* jpapexpredators.json in Resources */,
			);
			runOnlyForDeploymentPostprocessing = 0;
		};
		887995F62A4E3C8A0030A6F0 /* Resources */ = {
			isa = PBXResourcesBuildPhase;
			buildActionMask = 2147483647;
			files = (
			);
			runOnlyForDeploymentPostprocessing = 0;
		};
		887996002A4E3C8A0030A6F0 /* Resources */ = {
			isa = PBXResourcesBuildPhase;
			buildActionMask = 2147483647;
			files = (
			);
			runOnlyForDeploymentPostprocessing = 0;
		};
/* End PBXResourcesBuildPhase section */

/* Begin PBXSourcesBuildPhase section */
		887995E42A4E3C880030A6F0 /* Sources */ = {
			isa = PBXSourcesBuildPhase;
			buildActionMask = 2147483647;
			files = (
				887996182A4E3E1B0030A6F0 /* ApexPredator.swift in Sources */,
				887995EE2A4E3C880030A6F0 /* ContentView.swift in Sources */,
				887995EC2A4E3C880030A6F0 /* JP_Apex_PredatorsApp.swift in Sources */,
			);
			runOnlyForDeploymentPostprocessing = 0;
		};
		887995F42A4E3C8A0030A6F0 /* Sources */ = {
			isa = PBXSourcesBuildPhase;
			buildActionMask = 2147483647;
			files = (
				887995FD2A4E3C8A0030A6F0 /* JP_Apex_PredatorsTests.swift in Sources */,
			);
			runOnlyForDeploymentPostprocessing = 0;
		};
		887995FE2A4E3C8A0030A6F0 /* Sources */ = {
			isa = PBXSourcesBuildPhase;
			buildActionMask = 2147483647;
			files = (
				887996072A4E3C8A0030A6F0 /* JP_Apex_PredatorsUITests.swift in Sources */,
				887996092A4E3C8A0030A6F0 /* JP_Apex_PredatorsUITestsLaunchTests.swift in Sources */,
			);
			runOnlyForDeploymentPostprocessing = 0;
		};
/* End PBXSourcesBuildPhase section */

/* Begin PBXTargetDependency section */
		887995FA2A4E3C8A0030A6F0 /* PBXTargetDependency */ = {
			isa = PBXTargetDependency;
			target = 887995E72A4E3C880030A6F0 /* JP Apex Predators */;
			targetProxy = 887995F92A4E3C8A0030A6F0 /* PBXContainerItemProxy */;
		};
		887996042A4E3C8A0030A6F0 /* PBXTargetDependency */ = {
			isa = PBXTargetDependency;
			target = 887995E72A4E3C880030A6F0 /* JP Apex Predators */;
			targetProxy = 887996032A4E3C8A0030A6F0 /* PBXContainerItemProxy */;
		};
/* End PBXTargetDependency section */

/* Begin XCBuildConfiguration section */
		8879960A2A4E3C8A0030A6F0 /* Debug */ = {
			isa = XCBuildConfiguration;
			buildSettings = {
				ALWAYS_SEARCH_USER_PATHS = NO;
				CLANG_ANALYZER_NONNULL = YES;
				CLANG_ANALYZER_NUMBER_OBJECT_CONVERSION = YES_AGGRESSIVE;
				CLANG_CXX_LANGUAGE_STANDARD = "gnu++20";
				CLANG_ENABLE_MODULES = YES;
				CLANG_ENABLE_OBJC_ARC = YES;
				CLANG_ENABLE_OBJC_WEAK = YES;
				CLANG_WARN_BLOCK_CAPTURE_AUTORELEASING = YES;
				CLANG_WARN_BOOL_CONVERSION = YES;
				CLANG_WARN_COMMA = YES;
				CLANG_WARN_CONSTANT_CONVERSION = YES;
				CLANG_WARN_DEPRECATED_OBJC_IMPLEMENTATIONS = YES;
				CLANG_WARN_DIRECT_OBJC_ISA_USAGE = YES_ERROR;
				CLANG_WARN_DOCUMENTATION_COMMENTS = YES;
				CLANG_WARN_EMPTY_BODY = YES;
				CLANG_WARN_ENUM_CONVERSION = YES;
				CLANG_WARN_INFINITE_RECURSION = YES;
				CLANG_WARN_INT_CONVERSION = YES;
				CLANG_WARN_NON_LITERAL_NULL_CONVERSION = YES;
				CLANG_WARN_OBJC_IMPLICIT_RETAIN_SELF = YES;
				CLANG_WARN_OBJC_LITERAL_CONVERSION = YES;
				CLANG_WARN_OBJC_ROOT_CLASS = YES_ERROR;
				CLANG_WARN_QUOTED_INCLUDE_IN_FRAMEWORK_HEADER = YES;
				CLANG_WARN_RANGE_LOOP_ANALYSIS = YES;
				CLANG_WARN_STRICT_PROTOTYPES = YES;
				CLANG_WARN_SUSPICIOUS_MOVE = YES;
				CLANG_WARN_UNGUARDED_AVAILABILITY = YES_AGGRESSIVE;
				CLANG_WARN_UNREACHABLE_CODE = YES;
				CLANG_WARN__DUPLICATE_METHOD_MATCH = YES;
				COPY_PHASE_STRIP = NO;
				DEBUG_INFORMATION_FORMAT = dwarf;
				ENABLE_STRICT_OBJC_MSGSEND = YES;
				ENABLE_TESTABILITY = YES;
				GCC_C_LANGUAGE_STANDARD = gnu11;
				GCC_DYNAMIC_NO_PIC = NO;
				GCC_NO_COMMON_BLOCKS = YES;
				GCC_OPTIMIZATION_LEVEL = 0;
				GCC_PREPROCESSOR_DEFINITIONS = (
					"DEBUG=1",
					"$(inherited)",
				);
				GCC_WARN_64_TO_32_BIT_CONVERSION = YES;
				GCC_WARN_ABOUT_RETURN_TYPE = YES_ERROR;
				GCC_WARN_UNDECLARED_SELECTOR = YES;
				GCC_WARN_UNINITIALIZED_AUTOS = YES_AGGRESSIVE;
				GCC_WARN_UNUSED_FUNCTION = YES;
				GCC_WARN_UNUSED_VARIABLE = YES;
				IPHONEOS_DEPLOYMENT_TARGET = 16.4;
				MTL_ENABLE_DEBUG_INFO = INCLUDE_SOURCE;
				MTL_FAST_MATH = YES;
				ONLY_ACTIVE_ARCH = YES;
				SDKROOT = iphoneos;
				SWIFT_ACTIVE_COMPILATION_CONDITIONS = DEBUG;
				SWIFT_OPTIMIZATION_LEVEL = "-Onone";
			};
			name = Debug;
		};
		8879960B2A4E3C8A0030A6F0 /* Release */ = {
			isa = XCBuildConfiguration;
			buildSettings = {
				ALWAYS_SEARCH_USER_PATHS = NO;
				CLANG_ANALYZER_NONNULL = YES;
				CLANG_ANALYZER_NUMBER_OBJECT_CONVERSION = YES_AGGRESSIVE;
				CLANG_CXX_LANGUAGE_STANDARD = "gnu++20";
				CLANG_ENABLE_MODULES = YES;
				CLANG_ENABLE_OBJC_ARC = YES;
				CLANG_ENABLE_OBJC_WEAK = YES;
				CLANG_WARN_BLOCK_CAPTURE_AUTORELEASING = YES;
				CLANG_WARN_BOOL_CONVERSION = YES;
				CLANG_WARN_COMMA = YES;
				CLANG_WARN_CONSTANT_CONVERSION = YES;
				CLANG_WARN_DEPRECATED_OBJC_IMPLEMENTATIONS = YES;
				CLANG_WARN_DIRECT_OBJC_ISA_USAGE = YES_ERROR;
				CLANG_WARN_DOCUMENTATION_COMMENTS = YES;
				CLANG_WARN_EMPTY_BODY = YES;
				CLANG_WARN_ENUM_CONVERSION = YES;
				CLANG_WARN_INFINITE_RECURSION = YES;
				CLANG_WARN_INT_CONVERSION = YES;
				CLANG_WARN_NON_LITERAL_NULL_CONVERSION = YES;
				CLANG_WARN_OBJC_IMPLICIT_RETAIN_SELF = YES;
				CLANG_WARN_OBJC_LITERAL_CONVERSION = YES;
				CLANG_WARN_OBJC_ROOT_CLASS = YES_ERROR;
				CLANG_WARN_QUOTED_INCLUDE_IN_FRAMEWORK_HEADER = YES;
				CLANG_WARN_RANGE_LOOP_ANALYSIS = YES;
				CLANG_WARN_STRICT_PROTOTYPES = YES;
				CLANG_WARN_SUSPICIOUS_MOVE = YES;
				CLANG_WARN_UNGUARDED_AVAILABILITY = YES_AGGRESSIVE;
				CLANG_WARN_UNREACHABLE_CODE = YES;
				CLANG_WARN__DUPLICATE_METHOD_MATCH = YES;
				COPY_PHASE_STRIP = NO;
				DEBUG_INFORMATION_FORMAT = "dwarf-with-dsym";
				ENABLE_NS_ASSERTIONS = NO;
				ENABLE_STRICT_OBJC_MSGSEND = YES;
				GCC_C_LANGUAGE_STANDARD = gnu11;
				GCC_NO_COMMON_BLOCKS = YES;
				GCC_WARN_64_TO_32_BIT_CONVERSION = YES;
				GCC_WARN_ABOUT_RETURN_TYPE = YES_ERROR;
				GCC_WARN_UNDECLARED_SELECTOR = YES;
				GCC_WARN_UNINITIALIZED_AUTOS = YES_AGGRESSIVE;
				GCC_WARN_UNUSED_FUNCTION = YES;
				GCC_WARN_UNUSED_VARIABLE = YES;
				IPHONEOS_DEPLOYMENT_TARGET = 16.4;
				MTL_ENABLE_DEBUG_INFO = NO;
				MTL_FAST_MATH = YES;
				SDKROOT = iphoneos;
				SWIFT_COMPILATION_MODE = wholemodule;
				SWIFT_OPTIMIZATION_LEVEL = "-O";
				VALIDATE_PRODUCT = YES;
			};
			name = Release;
		};
		8879960D2A4E3C8A0030A6F0 /* Debug */ = {
			isa = XCBuildConfiguration;
			buildSettings = {
				ASSETCATALOG_COMPILER_APPICON_NAME = AppIcon;
				ASSETCATALOG_COMPILER_GLOBAL_ACCENT_COLOR_NAME = AccentColor;
				CODE_SIGN_STYLE = Automatic;
				CURRENT_PROJECT_VERSION = 1;
				DEVELOPMENT_ASSET_PATHS = "\"JP Apex Predators/Preview Content\"";
				DEVELOPMENT_TEAM = PHYK7QK7W5;
				ENABLE_PREVIEWS = YES;
				GENERATE_INFOPLIST_FILE = YES;
				INFOPLIST_KEY_UIApplicationSceneManifest_Generation = YES;
				INFOPLIST_KEY_UIApplicationSupportsIndirectInputEvents = YES;
				INFOPLIST_KEY_UILaunchScreen_Generation = YES;
				INFOPLIST_KEY_UISupportedInterfaceOrientations_iPad = "UIInterfaceOrientationPortrait UIInterfaceOrientationPortraitUpsideDown UIInterfaceOrientationLandscapeLeft UIInterfaceOrientationLandscapeRight";
				INFOPLIST_KEY_UISupportedInterfaceOrientations_iPhone = "UIInterfaceOrientationPortrait UIInterfaceOrientationLandscapeLeft UIInterfaceOrientationLandscapeRight";
				LD_RUNPATH_SEARCH_PATHS = (
					"$(inherited)",
					"@executable_path/Frameworks",
				);
				MARKETING_VERSION = 1.0;
				PRODUCT_BUNDLE_IDENTIFIER = "com.jp.JP-Apex-Predators";
				PRODUCT_NAME = "$(TARGET_NAME)";
				SWIFT_EMIT_LOC_STRINGS = YES;
				SWIFT_VERSION = 5.0;
				TARGETED_DEVICE_FAMILY = "1,2";
			};
			name = Debug;
		};
		8879960E2A4E3C8A0030A6F0 /* Release */ = {
			isa = XCBuildConfiguration;
			buildSettings = {
				ASSETCATALOG_COMPILER_APPICON_NAME = AppIcon;
				ASSETCATALOG_COMPILER_GLOBAL_ACCENT_COLOR_NAME = AccentColor;
				CODE_SIGN_STYLE = Automatic;
				CURRENT_PROJECT_VERSION = 1;
				DEVELOPMENT_ASSET_PATHS = "\"JP Apex Predators/Preview Content\"";
				DEVELOPMENT_TEAM = PHYK7QK7W5;
				ENABLE_PREVIEWS = YES;
				GENERATE_INFOPLIST_FILE = YES;
				INFOPLIST_KEY_UIApplicationSceneManifest_Generation = YES;
				INFOPLIST_KEY_UIApplicationSupportsIndirectInputEvents = YES;
				INFOPLIST_KEY_UILaunchScreen_Generation = YES;
				INFOPLIST_KEY_UISupportedInterfaceOrientations_iPad = "UIInterfaceOrientationPortrait UIInterfaceOrientationPortraitUpsideDown UIInterfaceOrientationLandscapeLeft UIInterfaceOrientationLandscapeRight";
				INFOPLIST_KEY_UISupportedInterfaceOrientations_iPhone = "UIInterfaceOrientationPortrait UIInterfaceOrientationLandscapeLeft UIInterfaceOrientationLandscapeRight";
				LD_RUNPATH_SEARCH_PATHS = (
					"$(inherited)",
					"@executable_path/Frameworks",
				);
				MARKETING_VERSION = 1.0;
				PRODUCT_BUNDLE_IDENTIFIER = "com.jp.JP-Apex-Predators";
				PRODUCT_NAME = "$(TARGET_NAME)";
				SWIFT_EMIT_LOC_STRINGS = YES;
				SWIFT_VERSION = 5.0;
				TARGETED_DEVICE_FAMILY = "1,2";
			};
			name = Release;
		};
		887996102A4E3C8A0030A6F0 /* Debug */ = {
			isa = XCBuildConfiguration;
			buildSettings = {
				ALWAYS_EMBED_SWIFT_STANDARD_LIBRARIES = YES;
				BUNDLE_LOADER = "$(TEST_HOST)";
				CODE_SIGN_STYLE = Automatic;
				CURRENT_PROJECT_VERSION = 1;
				DEVELOPMENT_TEAM = PHYK7QK7W5;
				GENERATE_INFOPLIST_FILE = YES;
				IPHONEOS_DEPLOYMENT_TARGET = 16.4;
				MARKETING_VERSION = 1.0;
				PRODUCT_BUNDLE_IDENTIFIER = "com.jp.JP-Apex-PredatorsTests";
				PRODUCT_NAME = "$(TARGET_NAME)";
				SWIFT_EMIT_LOC_STRINGS = NO;
				SWIFT_VERSION = 5.0;
				TARGETED_DEVICE_FAMILY = "1,2";
				TEST_HOST = "$(BUILT_PRODUCTS_DIR)/JP Apex Predators.app/$(BUNDLE_EXECUTABLE_FOLDER_PATH)/JP Apex Predators";
			};
			name = Debug;
		};
		887996112A4E3C8A0030A6F0 /* Release */ = {
			isa = XCBuildConfiguration;
			buildSettings = {
				ALWAYS_EMBED_SWIFT_STANDARD_LIBRARIES = YES;
				BUNDLE_LOADER = "$(TEST_HOST)";
				CODE_SIGN_STYLE = Automatic;
				CURRENT_PROJECT_VERSION = 1;
				DEVELOPMENT_TEAM = PHYK7QK7W5;
				GENERATE_INFOPLIST_FILE = YES;
				IPHONEOS_DEPLOYMENT_TARGET = 16.4;
				MARKETING_VERSION = 1.0;
				PRODUCT_BUNDLE_IDENTIFIER = "com.jp.JP-Apex-PredatorsTests";
				PRODUCT_NAME = "$(TARGET_NAME)";
				SWIFT_EMIT_LOC_STRINGS = NO;
				SWIFT_VERSION = 5.0;
				TARGETED_DEVICE_FAMILY = "1,2";
				TEST_HOST = "$(BUILT_PRODUCTS_DIR)/JP Apex Predators.app/$(BUNDLE_EXECUTABLE_FOLDER_PATH)/JP Apex Predators";
			};
			name = Release;
		};
		887996132A4E3C8A0030A6F0 /* Debug */ = {
			isa = XCBuildConfiguration;
			buildSettings = {
				ALWAYS_EMBED_SWIFT_STANDARD_LIBRARIES = YES;
				CODE_SIGN_STYLE = Automatic;
				CURRENT_PROJECT_VERSION = 1;
				DEVELOPMENT_TEAM = PHYK7QK7W5;
				GENERATE_INFOPLIST_FILE = YES;
				MARKETING_VERSION = 1.0;
				PRODUCT_BUNDLE_IDENTIFIER = "com.jp.JP-Apex-PredatorsUITests";
				PRODUCT_NAME = "$(TARGET_NAME)";
				SWIFT_EMIT_LOC_STRINGS = NO;
				SWIFT_VERSION = 5.0;
				TARGETED_DEVICE_FAMILY = "1,2";
				TEST_TARGET_NAME = "JP Apex Predators";
			};
			name = Debug;
		};
		887996142A4E3C8A0030A6F0 /* Release */ = {
			isa = XCBuildConfiguration;
			buildSettings = {
				ALWAYS_EMBED_SWIFT_STANDARD_LIBRARIES = YES;
				CODE_SIGN_STYLE = Automatic;
				CURRENT_PROJECT_VERSION = 1;
				DEVELOPMENT_TEAM = PHYK7QK7W5;
				GENERATE_INFOPLIST_FILE = YES;
				MARKETING_VERSION = 1.0;
				PRODUCT_BUNDLE_IDENTIFIER = "com.jp.JP-Apex-PredatorsUITests";
				PRODUCT_NAME = "$(TARGET_NAME)";
				SWIFT_EMIT_LOC_STRINGS = NO;
				SWIFT_VERSION = 5.0;
				TARGETED_DEVICE_FAMILY = "1,2";
				TEST_TARGET_NAME = "JP Apex Predators";
			};
			name = Release;
		};
/* End XCBuildConfiguration section */

/* Begin XCConfigurationList section */
		887995E32A4E3C880030A6F0 /* Build configuration list for PBXProject "JP Apex Predators" */ = {
			isa = XCConfigurationList;
			buildConfigurations = (
				8879960A2A4E3C8A0030A6F0 /* Debug */,
				8879960B2A4E3C8A0030A6F0 /* Release */,
			);
			defaultConfigurationIsVisible = 0;
			defaultConfigurationName = Release;
		};
		8879960C2A4E3C8A0030A6F0 /* Build configuration list for PBXNativeTarget "JP Apex Predators" */ = {
			isa = XCConfigurationList;
			buildConfigurations = (
				8879960D2A4E3C8A0030A6F0 /* Debug */,
				8879960E2A4E3C8A0030A6F0 /* Release */,
			);
			defaultConfigurationIsVisible = 0;
			defaultConfigurationName = Release;
		};
		8879960F2A4E3C8A0030A6F0 /* Build configuration list for PBXNativeTarget "JP Apex PredatorsTests" */ = {
			isa = XCConfigurationList;
			buildConfigurations = (
				887996102A4E3C8A0030A6F0 /* Debug */,
				887996112A4E3C8A0030A6F0 /* Release */,
			);
			defaultConfigurationIsVisible = 0;
			defaultConfigurationName = Release;
		};
		887996122A4E3C8A0030A6F0 /* Build configuration list for PBXNativeTarget "JP Apex PredatorsUITests" */ = {
			isa = XCConfigurationList;
			buildConfigurations = (
				887996132A4E3C8A0030A6F0 /* Debug */,
				887996142A4E3C8A0030A6F0 /* Release */,
			);
			defaultConfigurationIsVisible = 0;
			defaultConfigurationName = Release;
		};
/* End XCConfigurationList section */
	};
	rootObject = 887995E02A4E3C880030A6F0 /* Project object */;
}
